
Microsoft Visual Studio Solution File, Format Version 12.00
# Visual Studio 15
Project("{FAE04EC0-301F-11D3-BF4B-00C04F79EFBC}") = "UnityEngine.TestRunner", "UnityEngine.TestRunner.csproj", "{2BD5AB24-2FD7-13D1-CF1F-459301A614AE}"
EndProject
Project("{FAE04EC0-301F-11D3-BF4B-00C04F79EFBC}") = "UnityEngine.UI", "UnityEngine.UI.csproj", "{2C72B1BA-11F3-BC27-C686-09BD58544F70}"
EndProject
Project("{FAE04EC0-301F-11D3-BF4B-00C04F79EFBC}") = "Unity.VisualScripting.Flow", "Unity.VisualScripting.Flow.csproj", "{EC81000B-BD0E-8751-D722-92B2326930FA}"
EndProject
Project("{FAE04EC0-301F-11D3-BF4B-00C04F79EFBC}") = "Unity.InputSystem", "Unity.InputSystem.csproj", "{99E12C7E-5317-5C2D-ED88-56DD29A6BFAB}"
EndProject
Project("{FAE04EC0-301F-11D3-BF4B-00C04F79EFBC}") = "Unity.VisualScripting.State", "Unity.VisualScripting.State.csproj", "{87BA7E3A-9038-B806-61A3-B9139B918AC6}"
EndProject
Project("{FAE04EC0-301F-11D3-BF4B-00C04F79EFBC}") = "Unity.VisualScripting.Core", "Unity.VisualScripting.Core.csproj", "{D334BAB7-EA31-BF37-F95C-5A2DD07CE7D8}"
EndProject
Project("{FAE04EC0-301F-11D3-BF4B-00C04F79EFBC}") = "UnityEngine.XR.LegacyInputHelpers", "UnityEngine.XR.LegacyInputHelpers.csproj", "{496B1C94-7AE5-9545-7338-142945BE3AC7}"
EndProject
Project("{FAE04EC0-301F-11D3-BF4B-00C04F79EFBC}") = "Unity.XR.Oculus", "Unity.XR.Oculus.csproj", "{10664A0F-E5C3-139C-7507-21CEC81AA88E}"
EndProject
Project("{FAE04EC0-301F-11D3-BF4B-00C04F79EFBC}") = "Unity.TextMeshPro", "Unity.TextMeshPro.csproj", "{91AA7062-E426-6F66-42FD-52E086263E05}"
EndProject
Project("{FAE04EC0-301F-11D3-BF4B-00C04F79EFBC}") = "Unity.Timeline", "Unity.Timeline.csproj", "{2650D6C8-CD07-14D4-4486-68E603F898A2}"
EndProject
Project("{FAE04EC0-301F-11D3-BF4B-00C04F79EFBC}") = "Unity.XR.OpenXR", "Unity.XR.OpenXR.csproj", "{D6420BBD-BD3C-7A38-0FAE-648E05A066B1}"
EndProject
Project("{FAE04EC0-301F-11D3-BF4B-00C04F79EFBC}") = "Assembly-CSharp", "Assembly-CSharp.csproj", "{10C31868-5E0A-AD32-960E-2A367C872893}"
EndProject
Project("{FAE04EC0-301F-11D3-BF4B-00C04F79EFBC}") = "Unity.XR.Management", "Unity.XR.Management.csproj", "{CF666099-E4F2-B47F-D26E-47577485CEFC}"
EndProject
Project("{FAE04EC0-301F-11D3-BF4B-00C04F79EFBC}") = "Unity.XR.OpenXR.Features.RuntimeDebugger", "Unity.XR.OpenXR.Features.RuntimeDebugger.csproj", "{EDFD802E-7AF7-77FB-6C24-07AC469FB005}"
EndProject
Project("{FAE04EC0-301F-11D3-BF4B-00C04F79EFBC}") = "UnityEngine.SpatialTracking", "UnityEngine.SpatialTracking.csproj", "{6D5320FC-12E4-31E5-B348-7139F6EB02E0}"
EndProject
Project("{FAE04EC0-301F-11D3-BF4B-00C04F79EFBC}") = "Unity.Tutorials.Core", "Unity.Tutorials.Core.csproj", "{85D1BF67-9A5B-C22E-31D4-821C06A06B86}"
EndProject
Project("{FAE04EC0-301F-11D3-BF4B-00C04F79EFBC}") = "Unity.XR.OpenXR.Features.ConformanceAutomation", "Unity.XR.OpenXR.Features.ConformanceAutomation.csproj", "{315470EF-B99B-EC18-8596-A8E050699833}"
EndProject
Project("{FAE04EC0-301F-11D3-BF4B-00C04F79EFBC}") = "Unity.XR.OpenXR.Features.MockRuntime", "Unity.XR.OpenXR.Features.MockRuntime.csproj", "{EEA01F19-8B27-3D1B-2A96-F7B67B8C800D}"
EndProject
Project("{FAE04EC0-301F-11D3-BF4B-00C04F79EFBC}") = "Unity.Subsystem.Registration", "Unity.Subsystem.Registration.csproj", "{79EA81F1-77DF-1903-E31A-AD3371E95C95}"
EndProject
Project("{FAE04EC0-301F-11D3-BF4B-00C04F79EFBC}") = "Unity.XR.OpenXR.Features.OculusQuestSupport", "Unity.XR.OpenXR.Features.OculusQuestSupport.csproj", "{5328DD56-8B75-7BEA-2D40-BF7714D1A2F2}"
EndProject
Project("{FAE04EC0-301F-11D3-BF4B-00C04F79EFBC}") = "Unity.PlasticSCM.Editor", "Unity.PlasticSCM.Editor.csproj", "{5D110AEA-6D5E-C4FF-2C85-F5C6D70A902C}"
EndProject
Project("{FAE04EC0-301F-11D3-BF4B-00C04F79EFBC}") = "Unity.VisualScripting.Core.Editor", "Unity.VisualScripting.Core.Editor.csproj", "{CABEFB65-FF41-1E0F-8A65-B50B7D911293}"
EndProject
Project("{FAE04EC0-301F-11D3-BF4B-00C04F79EFBC}") = "Unity.XR.OpenXR.Editor", "Unity.XR.OpenXR.Editor.csproj", "{28F7A068-6A57-EC40-7F28-7988D5F480E3}"
EndProject
Project("{FAE04EC0-301F-11D3-BF4B-00C04F79EFBC}") = "Unity.VisualScripting.Flow.Editor", "Unity.VisualScripting.Flow.Editor.csproj", "{4BAC4CE7-6306-9F86-BE00-97E7BD0A3461}"
EndProject
Project("{FAE04EC0-301F-11D3-BF4B-00C04F79EFBC}") = "Unity.VisualStudio.Editor", "Unity.VisualStudio.Editor.csproj", "{68238B74-A1EF-E9B2-B9A7-F0F2448A8583}"
EndProject
Project("{FAE04EC0-301F-11D3-BF4B-00C04F79EFBC}") = "Unity.Timeline.Editor", "Unity.Timeline.Editor.csproj", "{6F3AAC47-341F-D37E-76F4-8D5C576409CE}"
EndProject
Project("{FAE04EC0-301F-11D3-BF4B-00C04F79EFBC}") = "Unity.VisualScripting.State.Editor", "Unity.VisualScripting.State.Editor.csproj", "{C58B87B9-CE35-B03B-9647-71CCC04E3E96}"
EndProject
Project("{FAE04EC0-301F-11D3-BF4B-00C04F79EFBC}") = "Unity.TextMeshPro.Editor", "Unity.TextMeshPro.Editor.csproj", "{C07D9653-32FC-48A1-F252-3E92F771CEBC}"
EndProject
Project("{FAE04EC0-301F-11D3-BF4B-00C04F79EFBC}") = "Unity.VisualScripting.SettingsProvider.Editor", "Unity.VisualScripting.SettingsProvider.Editor.csproj", "{60865BF0-C9D0-2EED-7E9B-761DD9DB1BBD}"
EndProject
Project("{FAE04EC0-301F-11D3-BF4B-00C04F79EFBC}") = "Unity.CollabProxy.Editor", "Unity.CollabProxy.Editor.csproj", "{21163A84-FD04-EF01-19B2-BBCDC32DE099}"
EndProject
Project("{FAE04EC0-301F-11D3-BF4B-00C04F79EFBC}") = "UnityEditor.TestRunner", "UnityEditor.TestRunner.csproj", "{65F98820-2413-EF9B-F895-A64E2E438CCC}"
EndProject
Project("{FAE04EC0-301F-11D3-BF4B-00C04F79EFBC}") = "Unity.Tutorials.Core.Editor", "Unity.Tutorials.Core.Editor.csproj", "{73334DE9-8CAB-6F31-FA83-FA73FE63C066}"
EndProject
Project("{FAE04EC0-301F-11D3-BF4B-00C04F79EFBC}") = "Unity.TestTools.CodeCoverage.Editor", "Unity.TestTools.CodeCoverage.Editor.csproj", "{4DA3177B-C427-6592-5ABD-5AFEB84DA6B5}"
EndProject
Project("{FAE04EC0-301F-11D3-BF4B-00C04F79EFBC}") = "Unity.Rider.Editor", "Unity.Rider.Editor.csproj", "{E458F207-BF84-04A7-1CF2-38F52A40BE55}"
EndProject
Project("{FAE04EC0-301F-11D3-BF4B-00C04F79EFBC}") = "Unity.InternalAPIEditorBridge.007", "Unity.InternalAPIEditorBridge.007.csproj", "{77422F2A-AF20-96F1-D41D-54845730691B}"
EndProject
Project("{FAE04EC0-301F-11D3-BF4B-00C04F79EFBC}") = "Unity.Services.Core.Editor", "Unity.Services.Core.Editor.csproj", "{581ABEF1-B822-4860-A96A-080656A8CAB4}"
EndProject
Project("{FAE04EC0-301F-11D3-BF4B-00C04F79EFBC}") = "Unity.Performance.Profile-Analyzer.Editor", "Unity.Performance.Profile-Analyzer.Editor.csproj", "{A34931B7-12E4-23F5-2AB5-EFD627CD973E}"
EndProject
Project("{FAE04EC0-301F-11D3-BF4B-00C04F79EFBC}") = "Unity.XR.Management.Editor", "Unity.XR.Management.Editor.csproj", "{B7AB3BE7-7D13-134C-E0BC-12E29CC2BD38}"
EndProject
Project("{FAE04EC0-301F-11D3-BF4B-00C04F79EFBC}") = "Unity.VSCode.Editor", "Unity.VSCode.Editor.csproj", "{83FB8BF2-124F-17FC-9F89-419A5CEDA4AF}"
EndProject
Project("{FAE04EC0-301F-11D3-BF4B-00C04F79EFBC}") = "UnityEditor.UI", "UnityEditor.UI.csproj", "{F2AC247A-C846-CED7-9499-8E6FB012C2EA}"
EndProject
Project("{FAE04EC0-301F-11D3-BF4B-00C04F79EFBC}") = "Unity.TestTools.CodeCoverage.Editor.OpenCover.Model", "Unity.TestTools.CodeCoverage.Editor.OpenCover.Model.csproj", "{B43B63A3-B464-BF8E-139E-7CC765A62B43}"
EndProject
Project("{FAE04EC0-301F-11D3-BF4B-00C04F79EFBC}") = "Unity.EditorCoroutines.Editor", "Unity.EditorCoroutines.Editor.csproj", "{CDC70502-C940-C89C-79FB-7DA828095D4E}"
EndProject
Project("{FAE04EC0-301F-11D3-BF4B-00C04F79EFBC}") = "Unity.Settings.Editor", "Unity.Settings.Editor.csproj", "{92C6097C-4FA4-E3E0-95CF-AA166EE68620}"
EndProject
Project("{FAE04EC0-301F-11D3-BF4B-00C04F79EFBC}") = "UnityEditor.SpatialTracking", "UnityEditor.SpatialTracking.csproj", "{85EFD3DA-8A80-790E-46B1-393B2B5AB492}"
EndProject
Project("{FAE04EC0-301F-11D3-BF4B-00C04F79EFBC}") = "UnityEditor.XR.LegacyInputHelpers", "UnityEditor.XR.LegacyInputHelpers.csproj", "{D2922A88-0378-AB16-2720-54F522C82191}"
EndProject
Project("{FAE04EC0-301F-11D3-BF4B-00C04F79EFBC}") = "Unity.XR.Oculus.Editor", "Unity.XR.Oculus.Editor.csproj", "{64B4624D-2B41-FC6F-E638-AC27EEB0DD14}"
EndProject
Project("{FAE04EC0-301F-11D3-BF4B-00C04F79EFBC}") = "Unity.InternalAPIEngineBridge.007", "Unity.InternalAPIEngineBridge.007.csproj", "{53C6B1E2-12C0-B67B-A869-EFB6462063E8}"
EndProject
Project("{FAE04EC0-301F-11D3-BF4B-00C04F79EFBC}") = "Unity.XR.OpenXR.Features.RuntimeDebugger.Editor", "Unity.XR.OpenXR.Features.RuntimeDebugger.Editor.csproj", "{6046740F-06DD-08BD-A890-75E939CD368E}"
EndProject
Project("{FAE04EC0-301F-11D3-BF4B-00C04F79EFBC}") = "Unity.TestTools.CodeCoverage.Editor.OpenCover.Mono.Reflection", "Unity.TestTools.CodeCoverage.Editor.OpenCover.Mono.Reflection.csproj", "{76C0DD62-62C9-C838-4DF7-A26F1EAA7D3B}"
EndProject
Project("{FAE04EC0-301F-11D3-BF4B-00C04F79EFBC}") = "Unity.VisualScripting.Shared.Editor", "Unity.VisualScripting.Shared.Editor.csproj", "{50AA866C-19BE-A402-9F8B-7E353CCF8823}"
EndProject
Project("{FAE04EC0-301F-11D3-BF4B-00C04F79EFBC}") = "Unity.XR.OpenXR.Features.OculusQuestSupport.Editor", "Unity.XR.OpenXR.Features.OculusQuestSupport.Editor.csproj", "{02FD86A2-6BE9-ACCF-0897-483294B9133D}"
EndProject
Project("{FAE04EC0-301F-11D3-BF4B-00C04F79EFBC}") = "UnityEngine.TestRunner", "UnityEngine.TestRunner.Player.csproj", "{1402514C-8D56-0AE5-57FE-21032506F5D8}"
EndProject
Project("{FAE04EC0-301F-11D3-BF4B-00C04F79EFBC}") = "UnityEngine.UI", "UnityEngine.UI.Player.csproj", "{12BDAD73-4399-E66A-D8A1-53C7FC83564B}"
EndProject
Project("{FAE04EC0-301F-11D3-BF4B-00C04F79EFBC}") = "Unity.VisualScripting.Flow", "Unity.VisualScripting.Flow.Player.csproj", "{07034FCE-0B6C-22BB-9815-4AF017B5F970}"
EndProject
Project("{FAE04EC0-301F-11D3-BF4B-00C04F79EFBC}") = "Unity.InputSystem", "Unity.InputSystem.Player.csproj", "{C57E184D-329C-9E98-5E0F-0F8A2B1B1546}"
EndProject
Project("{FAE04EC0-301F-11D3-BF4B-00C04F79EFBC}") = "Unity.VisualScripting.State", "Unity.VisualScripting.State.Player.csproj", "{532F35AC-9BA1-704B-1F30-19FB4C33DCBB}"
EndProject
Project("{FAE04EC0-301F-11D3-BF4B-00C04F79EFBC}") = "Unity.VisualScripting.Core", "Unity.VisualScripting.Core.Player.csproj", "{64D50A52-DCBB-B0D0-2F33-BA4BACD1D4E0}"
EndProject
Project("{FAE04EC0-301F-11D3-BF4B-00C04F79EFBC}") = "UnityEngine.XR.LegacyInputHelpers", "UnityEngine.XR.LegacyInputHelpers.Player.csproj", "{36D37AA9-BD55-5690-AFC3-68F9389F2613}"
EndProject
Project("{FAE04EC0-301F-11D3-BF4B-00C04F79EFBC}") = "Unity.XR.Oculus", "Unity.XR.Oculus.Player.csproj", "{12A1FE8E-10BC-A9BB-A84B-B040DCC6EC6A}"
EndProject
Project("{FAE04EC0-301F-11D3-BF4B-00C04F79EFBC}") = "Unity.TextMeshPro", "Unity.TextMeshPro.Player.csproj", "{8A1FBD99-CD27-FD0A-CC9F-A1B73031DCCD}"
EndProject
Project("{FAE04EC0-301F-11D3-BF4B-00C04F79EFBC}") = "Unity.Timeline", "Unity.Timeline.Player.csproj", "{C6E08978-A374-16E0-CD4F-27705F2925FF}"
EndProject
Project("{FAE04EC0-301F-11D3-BF4B-00C04F79EFBC}") = "Unity.XR.OpenXR", "Unity.XR.OpenXR.Player.csproj", "{0624231D-000B-146B-E41A-1AD5C8303132}"
EndProject
Project("{FAE04EC0-301F-11D3-BF4B-00C04F79EFBC}") = "Assembly-CSharp", "Assembly-CSharp.Player.csproj", "{03A066F1-4198-02FA-F687-C95061D8A294}"
EndProject
Project("{FAE04EC0-301F-11D3-BF4B-00C04F79EFBC}") = "Unity.XR.Management", "Unity.XR.Management.Player.csproj", "{146AFECF-8B33-0FE1-A828-4EB5A35CD8A3}"
EndProject
Project("{FAE04EC0-301F-11D3-BF4B-00C04F79EFBC}") = "Unity.XR.OpenXR.Features.RuntimeDebugger", "Unity.XR.OpenXR.Features.RuntimeDebugger.Player.csproj", "{088C450D-918C-F10B-D541-CCFDD28C553B}"
EndProject
Project("{FAE04EC0-301F-11D3-BF4B-00C04F79EFBC}") = "UnityEngine.SpatialTracking", "UnityEngine.SpatialTracking.Player.csproj", "{7F19D6D4-417F-D76C-DC4B-149B17994BA1}"
EndProject
Project("{FAE04EC0-301F-11D3-BF4B-00C04F79EFBC}") = "Unity.Tutorials.Core", "Unity.Tutorials.Core.Player.csproj", "{F989A699-898A-58A6-D67F-9B9C7C644341}"
EndProject
Project("{FAE04EC0-301F-11D3-BF4B-00C04F79EFBC}") = "Unity.XR.OpenXR.Features.ConformanceAutomation", "Unity.XR.OpenXR.Features.ConformanceAutomation.Player.csproj", "{03E584DA-9C0E-CF12-2B18-3DD6B1CB4473}"
EndProject
Project("{FAE04EC0-301F-11D3-BF4B-00C04F79EFBC}") = "Unity.XR.OpenXR.Features.MockRuntime", "Unity.XR.OpenXR.Features.MockRuntime.Player.csproj", "{F6C3DD2F-D291-8C3C-9219-62286CA761E6}"
EndProject
Project("{FAE04EC0-301F-11D3-BF4B-00C04F79EFBC}") = "Unity.Subsystem.Registration", "Unity.Subsystem.Registration.Player.csproj", "{8E303BB2-DF14-5448-B3DE-AE7354DE894F}"
EndProject
Project("{FAE04EC0-301F-11D3-BF4B-00C04F79EFBC}") = "Unity.XR.OpenXR.Features.OculusQuestSupport", "Unity.XR.OpenXR.Features.OculusQuestSupport.Player.csproj", "{C1CBC051-E664-6302-6037-DDB1263DE9B1}"
EndProject
Global
	GlobalSection(SolutionConfigurationPlatforms) = preSolution
		Debug|Any CPU = Debug|Any CPU
		Release|Any CPU = Release|Any CPU
	EndGlobalSection
	GlobalSection(ProjectConfigurationPlatforms) = postSolution
		{2BD5AB24-2FD7-13D1-CF1F-459301A614AE}.Debug|Any CPU.ActiveCfg = Debug|Any CPU
		{2BD5AB24-2FD7-13D1-CF1F-459301A614AE}.Debug|Any CPU.Build.0 = Debug|Any CPU
		{2BD5AB24-2FD7-13D1-CF1F-459301A614AE}.Release|Any CPU.ActiveCfg = Release|Any CPU
		{2BD5AB24-2FD7-13D1-CF1F-459301A614AE}.Release|Any CPU.Build.0 = Release|Any CPU
		{2C72B1BA-11F3-BC27-C686-09BD58544F70}.Debug|Any CPU.ActiveCfg = Debug|Any CPU
		{2C72B1BA-11F3-BC27-C686-09BD58544F70}.Debug|Any CPU.Build.0 = Debug|Any CPU
		{2C72B1BA-11F3-BC27-C686-09BD58544F70}.Release|Any CPU.ActiveCfg = Release|Any CPU
		{2C72B1BA-11F3-BC27-C686-09BD58544F70}.Release|Any CPU.Build.0 = Release|Any CPU
		{EC81000B-BD0E-8751-D722-92B2326930FA}.Debug|Any CPU.ActiveCfg = Debug|Any CPU
		{EC81000B-BD0E-8751-D722-92B2326930FA}.Debug|Any CPU.Build.0 = Debug|Any CPU
		{EC81000B-BD0E-8751-D722-92B2326930FA}.Release|Any CPU.ActiveCfg = Release|Any CPU
		{EC81000B-BD0E-8751-D722-92B2326930FA}.Release|Any CPU.Build.0 = Release|Any CPU
		{99E12C7E-5317-5C2D-ED88-56DD29A6BFAB}.Debug|Any CPU.ActiveCfg = Debug|Any CPU
		{99E12C7E-5317-5C2D-ED88-56DD29A6BFAB}.Debug|Any CPU.Build.0 = Debug|Any CPU
		{99E12C7E-5317-5C2D-ED88-56DD29A6BFAB}.Release|Any CPU.ActiveCfg = Release|Any CPU
		{99E12C7E-5317-5C2D-ED88-56DD29A6BFAB}.Release|Any CPU.Build.0 = Release|Any CPU
		{87BA7E3A-9038-B806-61A3-B9139B918AC6}.Debug|Any CPU.ActiveCfg = Debug|Any CPU
		{87BA7E3A-9038-B806-61A3-B9139B918AC6}.Debug|Any CPU.Build.0 = Debug|Any CPU
		{87BA7E3A-9038-B806-61A3-B9139B918AC6}.Release|Any CPU.ActiveCfg = Release|Any CPU
		{87BA7E3A-9038-B806-61A3-B9139B918AC6}.Release|Any CPU.Build.0 = Release|Any CPU
		{D334BAB7-EA31-BF37-F95C-5A2DD07CE7D8}.Debug|Any CPU.ActiveCfg = Debug|Any CPU
		{D334BAB7-EA31-BF37-F95C-5A2DD07CE7D8}.Debug|Any CPU.Build.0 = Debug|Any CPU
		{D334BAB7-EA31-BF37-F95C-5A2DD07CE7D8}.Release|Any CPU.ActiveCfg = Release|Any CPU
		{D334BAB7-EA31-BF37-F95C-5A2DD07CE7D8}.Release|Any CPU.Build.0 = Release|Any CPU
		{496B1C94-7AE5-9545-7338-142945BE3AC7}.Debug|Any CPU.ActiveCfg = Debug|Any CPU
		{496B1C94-7AE5-9545-7338-142945BE3AC7}.Debug|Any CPU.Build.0 = Debug|Any CPU
		{496B1C94-7AE5-9545-7338-142945BE3AC7}.Release|Any CPU.ActiveCfg = Release|Any CPU
		{496B1C94-7AE5-9545-7338-142945BE3AC7}.Release|Any CPU.Build.0 = Release|Any CPU
		{10664A0F-E5C3-139C-7507-21CEC81AA88E}.Debug|Any CPU.ActiveCfg = Debug|Any CPU
		{10664A0F-E5C3-139C-7507-21CEC81AA88E}.Debug|Any CPU.Build.0 = Debug|Any CPU
		{10664A0F-E5C3-139C-7507-21CEC81AA88E}.Release|Any CPU.ActiveCfg = Release|Any CPU
		{10664A0F-E5C3-139C-7507-21CEC81AA88E}.Release|Any CPU.Build.0 = Release|Any CPU
		{91AA7062-E426-6F66-42FD-52E086263E05}.Debug|Any CPU.ActiveCfg = Debug|Any CPU
		{91AA7062-E426-6F66-42FD-52E086263E05}.Debug|Any CPU.Build.0 = Debug|Any CPU
		{91AA7062-E426-6F66-42FD-52E086263E05}.Release|Any CPU.ActiveCfg = Release|Any CPU
		{91AA7062-E426-6F66-42FD-52E086263E05}.Release|Any CPU.Build.0 = Release|Any CPU
		{2650D6C8-CD07-14D4-4486-68E603F898A2}.Debug|Any CPU.ActiveCfg = Debug|Any CPU
		{2650D6C8-CD07-14D4-4486-68E603F898A2}.Debug|Any CPU.Build.0 = Debug|Any CPU
		{2650D6C8-CD07-14D4-4486-68E603F898A2}.Release|Any CPU.ActiveCfg = Release|Any CPU
		{2650D6C8-CD07-14D4-4486-68E603F898A2}.Release|Any CPU.Build.0 = Release|Any CPU
		{D6420BBD-BD3C-7A38-0FAE-648E05A066B1}.Debug|Any CPU.ActiveCfg = Debug|Any CPU
		{D6420BBD-BD3C-7A38-0FAE-648E05A066B1}.Debug|Any CPU.Build.0 = Debug|Any CPU
		{D6420BBD-BD3C-7A38-0FAE-648E05A066B1}.Release|Any CPU.ActiveCfg = Release|Any CPU
		{D6420BBD-BD3C-7A38-0FAE-648E05A066B1}.Release|Any CPU.Build.0 = Release|Any CPU
		{10C31868-5E0A-AD32-960E-2A367C872893}.Debug|Any CPU.ActiveCfg = Debug|Any CPU
		{10C31868-5E0A-AD32-960E-2A367C872893}.Debug|Any CPU.Build.0 = Debug|Any CPU
		{10C31868-5E0A-AD32-960E-2A367C872893}.Release|Any CPU.ActiveCfg = Release|Any CPU
		{10C31868-5E0A-AD32-960E-2A367C872893}.Release|Any CPU.Build.0 = Release|Any CPU
		{CF666099-E4F2-B47F-D26E-47577485CEFC}.Debug|Any CPU.ActiveCfg = Debug|Any CPU
		{CF666099-E4F2-B47F-D26E-47577485CEFC}.Debug|Any CPU.Build.0 = Debug|Any CPU
		{CF666099-E4F2-B47F-D26E-47577485CEFC}.Release|Any CPU.ActiveCfg = Release|Any CPU
		{CF666099-E4F2-B47F-D26E-47577485CEFC}.Release|Any CPU.Build.0 = Release|Any CPU
		{EDFD802E-7AF7-77FB-6C24-07AC469FB005}.Debug|Any CPU.ActiveCfg = Debug|Any CPU
		{EDFD802E-7AF7-77FB-6C24-07AC469FB005}.Debug|Any CPU.Build.0 = Debug|Any CPU
		{EDFD802E-7AF7-77FB-6C24-07AC469FB005}.Release|Any CPU.ActiveCfg = Release|Any CPU
		{EDFD802E-7AF7-77FB-6C24-07AC469FB005}.Release|Any CPU.Build.0 = Release|Any CPU
		{6D5320FC-12E4-31E5-B348-7139F6EB02E0}.Debug|Any CPU.ActiveCfg = Debug|Any CPU
		{6D5320FC-12E4-31E5-B348-7139F6EB02E0}.Debug|Any CPU.Build.0 = Debug|Any CPU
		{6D5320FC-12E4-31E5-B348-7139F6EB02E0}.Release|Any CPU.ActiveCfg = Release|Any CPU
		{6D5320FC-12E4-31E5-B348-7139F6EB02E0}.Release|Any CPU.Build.0 = Release|Any CPU
		{85D1BF67-9A5B-C22E-31D4-821C06A06B86}.Debug|Any CPU.ActiveCfg = Debug|Any CPU
		{85D1BF67-9A5B-C22E-31D4-821C06A06B86}.Debug|Any CPU.Build.0 = Debug|Any CPU
		{85D1BF67-9A5B-C22E-31D4-821C06A06B86}.Release|Any CPU.ActiveCfg = Release|Any CPU
		{85D1BF67-9A5B-C22E-31D4-821C06A06B86}.Release|Any CPU.Build.0 = Release|Any CPU
		{315470EF-B99B-EC18-8596-A8E050699833}.Debug|Any CPU.ActiveCfg = Debug|Any CPU
		{315470EF-B99B-EC18-8596-A8E050699833}.Debug|Any CPU.Build.0 = Debug|Any CPU
		{315470EF-B99B-EC18-8596-A8E050699833}.Release|Any CPU.ActiveCfg = Release|Any CPU
		{315470EF-B99B-EC18-8596-A8E050699833}.Release|Any CPU.Build.0 = Release|Any CPU
		{EEA01F19-8B27-3D1B-2A96-F7B67B8C800D}.Debug|Any CPU.ActiveCfg = Debug|Any CPU
		{EEA01F19-8B27-3D1B-2A96-F7B67B8C800D}.Debug|Any CPU.Build.0 = Debug|Any CPU
		{EEA01F19-8B27-3D1B-2A96-F7B67B8C800D}.Release|Any CPU.ActiveCfg = Release|Any CPU
		{EEA01F19-8B27-3D1B-2A96-F7B67B8C800D}.Release|Any CPU.Build.0 = Release|Any CPU
		{79EA81F1-77DF-1903-E31A-AD3371E95C95}.Debug|Any CPU.ActiveCfg = Debug|Any CPU
		{79EA81F1-77DF-1903-E31A-AD3371E95C95}.Debug|Any CPU.Build.0 = Debug|Any CPU
		{79EA81F1-77DF-1903-E31A-AD3371E95C95}.Release|Any CPU.ActiveCfg = Release|Any CPU
		{79EA81F1-77DF-1903-E31A-AD3371E95C95}.Release|Any CPU.Build.0 = Release|Any CPU
		{5328DD56-8B75-7BEA-2D40-BF7714D1A2F2}.Debug|Any CPU.ActiveCfg = Debug|Any CPU
		{5328DD56-8B75-7BEA-2D40-BF7714D1A2F2}.Debug|Any CPU.Build.0 = Debug|Any CPU
		{5328DD56-8B75-7BEA-2D40-BF7714D1A2F2}.Release|Any CPU.ActiveCfg = Release|Any CPU
		{5328DD56-8B75-7BEA-2D40-BF7714D1A2F2}.Release|Any CPU.Build.0 = Release|Any CPU
		{5D110AEA-6D5E-C4FF-2C85-F5C6D70A902C}.Debug|Any CPU.ActiveCfg = Debug|Any CPU
		{5D110AEA-6D5E-C4FF-2C85-F5C6D70A902C}.Debug|Any CPU.Build.0 = Debug|Any CPU
		{5D110AEA-6D5E-C4FF-2C85-F5C6D70A902C}.Release|Any CPU.ActiveCfg = Release|Any CPU
		{5D110AEA-6D5E-C4FF-2C85-F5C6D70A902C}.Release|Any CPU.Build.0 = Release|Any CPU
		{CABEFB65-FF41-1E0F-8A65-B50B7D911293}.Debug|Any CPU.ActiveCfg = Debug|Any CPU
		{CABEFB65-FF41-1E0F-8A65-B50B7D911293}.Debug|Any CPU.Build.0 = Debug|Any CPU
		{CABEFB65-FF41-1E0F-8A65-B50B7D911293}.Release|Any CPU.ActiveCfg = Release|Any CPU
		{CABEFB65-FF41-1E0F-8A65-B50B7D911293}.Release|Any CPU.Build.0 = Release|Any CPU
		{28F7A068-6A57-EC40-7F28-7988D5F480E3}.Debug|Any CPU.ActiveCfg = Debug|Any CPU
		{28F7A068-6A57-EC40-7F28-7988D5F480E3}.Debug|Any CPU.Build.0 = Debug|Any CPU
		{28F7A068-6A57-EC40-7F28-7988D5F480E3}.Release|Any CPU.ActiveCfg = Release|Any CPU
		{28F7A068-6A57-EC40-7F28-7988D5F480E3}.Release|Any CPU.Build.0 = Release|Any CPU
		{4BAC4CE7-6306-9F86-BE00-97E7BD0A3461}.Debug|Any CPU.ActiveCfg = Debug|Any CPU
		{4BAC4CE7-6306-9F86-BE00-97E7BD0A3461}.Debug|Any CPU.Build.0 = Debug|Any CPU
		{4BAC4CE7-6306-9F86-BE00-97E7BD0A3461}.Release|Any CPU.ActiveCfg = Release|Any CPU
		{4BAC4CE7-6306-9F86-BE00-97E7BD0A3461}.Release|Any CPU.Build.0 = Release|Any CPU
		{68238B74-A1EF-E9B2-B9A7-F0F2448A8583}.Debug|Any CPU.ActiveCfg = Debug|Any CPU
		{68238B74-A1EF-E9B2-B9A7-F0F2448A8583}.Debug|Any CPU.Build.0 = Debug|Any CPU
		{68238B74-A1EF-E9B2-B9A7-F0F2448A8583}.Release|Any CPU.ActiveCfg = Release|Any CPU
		{68238B74-A1EF-E9B2-B9A7-F0F2448A8583}.Release|Any CPU.Build.0 = Release|Any CPU
		{6F3AAC47-341F-D37E-76F4-8D5C576409CE}.Debug|Any CPU.ActiveCfg = Debug|Any CPU
		{6F3AAC47-341F-D37E-76F4-8D5C576409CE}.Debug|Any CPU.Build.0 = Debug|Any CPU
		{6F3AAC47-341F-D37E-76F4-8D5C576409CE}.Release|Any CPU.ActiveCfg = Release|Any CPU
		{6F3AAC47-341F-D37E-76F4-8D5C576409CE}.Release|Any CPU.Build.0 = Release|Any CPU
		{C58B87B9-CE35-B03B-9647-71CCC04E3E96}.Debug|Any CPU.ActiveCfg = Debug|Any CPU
		{C58B87B9-CE35-B03B-9647-71CCC04E3E96}.Debug|Any CPU.Build.0 = Debug|Any CPU
		{C58B87B9-CE35-B03B-9647-71CCC04E3E96}.Release|Any CPU.ActiveCfg = Release|Any CPU
		{C58B87B9-CE35-B03B-9647-71CCC04E3E96}.Release|Any CPU.Build.0 = Release|Any CPU
		{C07D9653-32FC-48A1-F252-3E92F771CEBC}.Debug|Any CPU.ActiveCfg = Debug|Any CPU
		{C07D9653-32FC-48A1-F252-3E92F771CEBC}.Debug|Any CPU.Build.0 = Debug|Any CPU
		{C07D9653-32FC-48A1-F252-3E92F771CEBC}.Release|Any CPU.ActiveCfg = Release|Any CPU
		{C07D9653-32FC-48A1-F252-3E92F771CEBC}.Release|Any CPU.Build.0 = Release|Any CPU
		{60865BF0-C9D0-2EED-7E9B-761DD9DB1BBD}.Debug|Any CPU.ActiveCfg = Debug|Any CPU
		{60865BF0-C9D0-2EED-7E9B-761DD9DB1BBD}.Debug|Any CPU.Build.0 = Debug|Any CPU
		{60865BF0-C9D0-2EED-7E9B-761DD9DB1BBD}.Release|Any CPU.ActiveCfg = Release|Any CPU
		{60865BF0-C9D0-2EED-7E9B-761DD9DB1BBD}.Release|Any CPU.Build.0 = Release|Any CPU
		{21163A84-FD04-EF01-19B2-BBCDC32DE099}.Debug|Any CPU.ActiveCfg = Debug|Any CPU
		{21163A84-FD04-EF01-19B2-BBCDC32DE099}.Debug|Any CPU.Build.0 = Debug|Any CPU
		{21163A84-FD04-EF01-19B2-BBCDC32DE099}.Release|Any CPU.ActiveCfg = Release|Any CPU
		{21163A84-FD04-EF01-19B2-BBCDC32DE099}.Release|Any CPU.Build.0 = Release|Any CPU
		{65F98820-2413-EF9B-F895-A64E2E438CCC}.Debug|Any CPU.ActiveCfg = Debug|Any CPU
		{65F98820-2413-EF9B-F895-A64E2E438CCC}.Debug|Any CPU.Build.0 = Debug|Any CPU
		{65F98820-2413-EF9B-F895-A64E2E438CCC}.Release|Any CPU.ActiveCfg = Release|Any CPU
		{65F98820-2413-EF9B-F895-A64E2E438CCC}.Release|Any CPU.Build.0 = Release|Any CPU
		{73334DE9-8CAB-6F31-FA83-FA73FE63C066}.Debug|Any CPU.ActiveCfg = Debug|Any CPU
		{73334DE9-8CAB-6F31-FA83-FA73FE63C066}.Debug|Any CPU.Build.0 = Debug|Any CPU
		{73334DE9-8CAB-6F31-FA83-FA73FE63C066}.Release|Any CPU.ActiveCfg = Release|Any CPU
		{73334DE9-8CAB-6F31-FA83-FA73FE63C066}.Release|Any CPU.Build.0 = Release|Any CPU
		{4DA3177B-C427-6592-5ABD-5AFEB84DA6B5}.Debug|Any CPU.ActiveCfg = Debug|Any CPU
		{4DA3177B-C427-6592-5ABD-5AFEB84DA6B5}.Debug|Any CPU.Build.0 = Debug|Any CPU
		{4DA3177B-C427-6592-5ABD-5AFEB84DA6B5}.Release|Any CPU.ActiveCfg = Release|Any CPU
		{4DA3177B-C427-6592-5ABD-5AFEB84DA6B5}.Release|Any CPU.Build.0 = Release|Any CPU
		{E458F207-BF84-04A7-1CF2-38F52A40BE55}.Debug|Any CPU.ActiveCfg = Debug|Any CPU
		{E458F207-BF84-04A7-1CF2-38F52A40BE55}.Debug|Any CPU.Build.0 = Debug|Any CPU
		{E458F207-BF84-04A7-1CF2-38F52A40BE55}.Release|Any CPU.ActiveCfg = Release|Any CPU
		{E458F207-BF84-04A7-1CF2-38F52A40BE55}.Release|Any CPU.Build.0 = Release|Any CPU
		{77422F2A-AF20-96F1-D41D-54845730691B}.Debug|Any CPU.ActiveCfg = Debug|Any CPU
		{77422F2A-AF20-96F1-D41D-54845730691B}.Debug|Any CPU.Build.0 = Debug|Any CPU
		{77422F2A-AF20-96F1-D41D-54845730691B}.Release|Any CPU.ActiveCfg = Release|Any CPU
		{77422F2A-AF20-96F1-D41D-54845730691B}.Release|Any CPU.Build.0 = Release|Any CPU
		{581ABEF1-B822-4860-A96A-080656A8CAB4}.Debug|Any CPU.ActiveCfg = Debug|Any CPU
		{581ABEF1-B822-4860-A96A-080656A8CAB4}.Debug|Any CPU.Build.0 = Debug|Any CPU
		{581ABEF1-B822-4860-A96A-080656A8CAB4}.Release|Any CPU.ActiveCfg = Release|Any CPU
		{581ABEF1-B822-4860-A96A-080656A8CAB4}.Release|Any CPU.Build.0 = Release|Any CPU
		{A34931B7-12E4-23F5-2AB5-EFD627CD973E}.Debug|Any CPU.ActiveCfg = Debug|Any CPU
		{A34931B7-12E4-23F5-2AB5-EFD627CD973E}.Debug|Any CPU.Build.0 = Debug|Any CPU
		{A34931B7-12E4-23F5-2AB5-EFD627CD973E}.Release|Any CPU.ActiveCfg = Release|Any CPU
		{A34931B7-12E4-23F5-2AB5-EFD627CD973E}.Release|Any CPU.Build.0 = Release|Any CPU
		{B7AB3BE7-7D13-134C-E0BC-12E29CC2BD38}.Debug|Any CPU.ActiveCfg = Debug|Any CPU
		{B7AB3BE7-7D13-134C-E0BC-12E29CC2BD38}.Debug|Any CPU.Build.0 = Debug|Any CPU
		{B7AB3BE7-7D13-134C-E0BC-12E29CC2BD38}.Release|Any CPU.ActiveCfg = Release|Any CPU
		{B7AB3BE7-7D13-134C-E0BC-12E29CC2BD38}.Release|Any CPU.Build.0 = Release|Any CPU
		{83FB8BF2-124F-17FC-9F89-419A5CEDA4AF}.Debug|Any CPU.ActiveCfg = Debug|Any CPU
		{83FB8BF2-124F-17FC-9F89-419A5CEDA4AF}.Debug|Any CPU.Build.0 = Debug|Any CPU
		{83FB8BF2-124F-17FC-9F89-419A5CEDA4AF}.Release|Any CPU.ActiveCfg = Release|Any CPU
		{83FB8BF2-124F-17FC-9F89-419A5CEDA4AF}.Release|Any CPU.Build.0 = Release|Any CPU
		{F2AC247A-C846-CED7-9499-8E6FB012C2EA}.Debug|Any CPU.ActiveCfg = Debug|Any CPU
		{F2AC247A-C846-CED7-9499-8E6FB012C2EA}.Debug|Any CPU.Build.0 = Debug|Any CPU
		{F2AC247A-C846-CED7-9499-8E6FB012C2EA}.Release|Any CPU.ActiveCfg = Release|Any CPU
		{F2AC247A-C846-CED7-9499-8E6FB012C2EA}.Release|Any CPU.Build.0 = Release|Any CPU
		{B43B63A3-B464-BF8E-139E-7CC765A62B43}.Debug|Any CPU.ActiveCfg = Debug|Any CPU
		{B43B63A3-B464-BF8E-139E-7CC765A62B43}.Debug|Any CPU.Build.0 = Debug|Any CPU
		{B43B63A3-B464-BF8E-139E-7CC765A62B43}.Release|Any CPU.ActiveCfg = Release|Any CPU
		{B43B63A3-B464-BF8E-139E-7CC765A62B43}.Release|Any CPU.Build.0 = Release|Any CPU
		{CDC70502-C940-C89C-79FB-7DA828095D4E}.Debug|Any CPU.ActiveCfg = Debug|Any CPU
		{CDC70502-C940-C89C-79FB-7DA828095D4E}.Debug|Any CPU.Build.0 = Debug|Any CPU
		{CDC70502-C940-C89C-79FB-7DA828095D4E}.Release|Any CPU.ActiveCfg = Release|Any CPU
		{CDC70502-C940-C89C-79FB-7DA828095D4E}.Release|Any CPU.Build.0 = Release|Any CPU
		{92C6097C-4FA4-E3E0-95CF-AA166EE68620}.Debug|Any CPU.ActiveCfg = Debug|Any CPU
		{92C6097C-4FA4-E3E0-95CF-AA166EE68620}.Debug|Any CPU.Build.0 = Debug|Any CPU
		{92C6097C-4FA4-E3E0-95CF-AA166EE68620}.Release|Any CPU.ActiveCfg = Release|Any CPU
		{92C6097C-4FA4-E3E0-95CF-AA166EE68620}.Release|Any CPU.Build.0 = Release|Any CPU
		{85EFD3DA-8A80-790E-46B1-393B2B5AB492}.Debug|Any CPU.ActiveCfg = Debug|Any CPU
		{85EFD3DA-8A80-790E-46B1-393B2B5AB492}.Debug|Any CPU.Build.0 = Debug|Any CPU
		{85EFD3DA-8A80-790E-46B1-393B2B5AB492}.Release|Any CPU.ActiveCfg = Release|Any CPU
		{85EFD3DA-8A80-790E-46B1-393B2B5AB492}.Release|Any CPU.Build.0 = Release|Any CPU
		{D2922A88-0378-AB16-2720-54F522C82191}.Debug|Any CPU.ActiveCfg = Debug|Any CPU
		{D2922A88-0378-AB16-2720-54F522C82191}.Debug|Any CPU.Build.0 = Debug|Any CPU
		{D2922A88-0378-AB16-2720-54F522C82191}.Release|Any CPU.ActiveCfg = Release|Any CPU
		{D2922A88-0378-AB16-2720-54F522C82191}.Release|Any CPU.Build.0 = Release|Any CPU
		{64B4624D-2B41-FC6F-E638-AC27EEB0DD14}.Debug|Any CPU.ActiveCfg = Debug|Any CPU
		{64B4624D-2B41-FC6F-E638-AC27EEB0DD14}.Debug|Any CPU.Build.0 = Debug|Any CPU
		{64B4624D-2B41-FC6F-E638-AC27EEB0DD14}.Release|Any CPU.ActiveCfg = Release|Any CPU
		{64B4624D-2B41-FC6F-E638-AC27EEB0DD14}.Release|Any CPU.Build.0 = Release|Any CPU
		{53C6B1E2-12C0-B67B-A869-EFB6462063E8}.Debug|Any CPU.ActiveCfg = Debug|Any CPU
		{53C6B1E2-12C0-B67B-A869-EFB6462063E8}.Debug|Any CPU.Build.0 = Debug|Any CPU
		{53C6B1E2-12C0-B67B-A869-EFB6462063E8}.Release|Any CPU.ActiveCfg = Release|Any CPU
		{53C6B1E2-12C0-B67B-A869-EFB6462063E8}.Release|Any CPU.Build.0 = Release|Any CPU
		{6046740F-06DD-08BD-A890-75E939CD368E}.Debug|Any CPU.ActiveCfg = Debug|Any CPU
		{6046740F-06DD-08BD-A890-75E939CD368E}.Debug|Any CPU.Build.0 = Debug|Any CPU
		{6046740F-06DD-08BD-A890-75E939CD368E}.Release|Any CPU.ActiveCfg = Release|Any CPU
		{6046740F-06DD-08BD-A890-75E939CD368E}.Release|Any CPU.Build.0 = Release|Any CPU
		{76C0DD62-62C9-C838-4DF7-A26F1EAA7D3B}.Debug|Any CPU.ActiveCfg = Debug|Any CPU
		{76C0DD62-62C9-C838-4DF7-A26F1EAA7D3B}.Debug|Any CPU.Build.0 = Debug|Any CPU
		{76C0DD62-62C9-C838-4DF7-A26F1EAA7D3B}.Release|Any CPU.ActiveCfg = Release|Any CPU
		{76C0DD62-62C9-C838-4DF7-A26F1EAA7D3B}.Release|Any CPU.Build.0 = Release|Any CPU
		{50AA866C-19BE-A402-9F8B-7E353CCF8823}.Debug|Any CPU.ActiveCfg = Debug|Any CPU
		{50AA866C-19BE-A402-9F8B-7E353CCF8823}.Debug|Any CPU.Build.0 = Debug|Any CPU
		{50AA866C-19BE-A402-9F8B-7E353CCF8823}.Release|Any CPU.ActiveCfg = Release|Any CPU
		{50AA866C-19BE-A402-9F8B-7E353CCF8823}.Release|Any CPU.Build.0 = Release|Any CPU
		{02FD86A2-6BE9-ACCF-0897-483294B9133D}.Debug|Any CPU.ActiveCfg = Debug|Any CPU
		{02FD86A2-6BE9-ACCF-0897-483294B9133D}.Debug|Any CPU.Build.0 = Debug|Any CPU
		{02FD86A2-6BE9-ACCF-0897-483294B9133D}.Release|Any CPU.ActiveCfg = Release|Any CPU
		{02FD86A2-6BE9-ACCF-0897-483294B9133D}.Release|Any CPU.Build.0 = Release|Any CPU
		{1402514C-8D56-0AE5-57FE-21032506F5D8}.Debug|Any CPU.ActiveCfg = Debug|Any CPU
		{1402514C-8D56-0AE5-57FE-21032506F5D8}.Debug|Any CPU.Build.0 = Debug|Any CPU
		{1402514C-8D56-0AE5-57FE-21032506F5D8}.Release|Any CPU.ActiveCfg = Release|Any CPU
		{1402514C-8D56-0AE5-57FE-21032506F5D8}.Release|Any CPU.Build.0 = Release|Any CPU
		{12BDAD73-4399-E66A-D8A1-53C7FC83564B}.Debug|Any CPU.ActiveCfg = Debug|Any CPU
		{12BDAD73-4399-E66A-D8A1-53C7FC83564B}.Debug|Any CPU.Build.0 = Debug|Any CPU
		{12BDAD73-4399-E66A-D8A1-53C7FC83564B}.Release|Any CPU.ActiveCfg = Release|Any CPU
		{12BDAD73-4399-E66A-D8A1-53C7FC83564B}.Release|Any CPU.Build.0 = Release|Any CPU
		{07034FCE-0B6C-22BB-9815-4AF017B5F970}.Debug|Any CPU.ActiveCfg = Debug|Any CPU
		{07034FCE-0B6C-22BB-9815-4AF017B5F970}.Debug|Any CPU.Build.0 = Debug|Any CPU
		{07034FCE-0B6C-22BB-9815-4AF017B5F970}.Release|Any CPU.ActiveCfg = Release|Any CPU
		{07034FCE-0B6C-22BB-9815-4AF017B5F970}.Release|Any CPU.Build.0 = Release|Any CPU
		{C57E184D-329C-9E98-5E0F-0F8A2B1B1546}.Debug|Any CPU.ActiveCfg = Debug|Any CPU
		{C57E184D-329C-9E98-5E0F-0F8A2B1B1546}.Debug|Any CPU.Build.0 = Debug|Any CPU
		{C57E184D-329C-9E98-5E0F-0F8A2B1B1546}.Release|Any CPU.ActiveCfg = Release|Any CPU
		{C57E184D-329C-9E98-5E0F-0F8A2B1B1546}.Release|Any CPU.Build.0 = Release|Any CPU
		{532F35AC-9BA1-704B-1F30-19FB4C33DCBB}.Debug|Any CPU.ActiveCfg = Debug|Any CPU
		{532F35AC-9BA1-704B-1F30-19FB4C33DCBB}.Debug|Any CPU.Build.0 = Debug|Any CPU
		{532F35AC-9BA1-704B-1F30-19FB4C33DCBB}.Release|Any CPU.ActiveCfg = Release|Any CPU
		{532F35AC-9BA1-704B-1F30-19FB4C33DCBB}.Release|Any CPU.Build.0 = Release|Any CPU
		{64D50A52-DCBB-B0D0-2F33-BA4BACD1D4E0}.Debug|Any CPU.ActiveCfg = Debug|Any CPU
		{64D50A52-DCBB-B0D0-2F33-BA4BACD1D4E0}.Debug|Any CPU.Build.0 = Debug|Any CPU
		{64D50A52-DCBB-B0D0-2F33-BA4BACD1D4E0}.Release|Any CPU.ActiveCfg = Release|Any CPU
		{64D50A52-DCBB-B0D0-2F33-BA4BACD1D4E0}.Release|Any CPU.Build.0 = Release|Any CPU
		{36D37AA9-BD55-5690-AFC3-68F9389F2613}.Debug|Any CPU.ActiveCfg = Debug|Any CPU
		{36D37AA9-BD55-5690-AFC3-68F9389F2613}.Debug|Any CPU.Build.0 = Debug|Any CPU
		{36D37AA9-BD55-5690-AFC3-68F9389F2613}.Release|Any CPU.ActiveCfg = Release|Any CPU
		{36D37AA9-BD55-5690-AFC3-68F9389F2613}.Release|Any CPU.Build.0 = Release|Any CPU
		{12A1FE8E-10BC-A9BB-A84B-B040DCC6EC6A}.Debug|Any CPU.ActiveCfg = Debug|Any CPU
		{12A1FE8E-10BC-A9BB-A84B-B040DCC6EC6A}.Debug|Any CPU.Build.0 = Debug|Any CPU
		{12A1FE8E-10BC-A9BB-A84B-B040DCC6EC6A}.Release|Any CPU.ActiveCfg = Release|Any CPU
		{12A1FE8E-10BC-A9BB-A84B-B040DCC6EC6A}.Release|Any CPU.Build.0 = Release|Any CPU
		{8A1FBD99-CD27-FD0A-CC9F-A1B73031DCCD}.Debug|Any CPU.ActiveCfg = Debug|Any CPU
		{8A1FBD99-CD27-FD0A-CC9F-A1B73031DCCD}.Debug|Any CPU.Build.0 = Debug|Any CPU
		{8A1FBD99-CD27-FD0A-CC9F-A1B73031DCCD}.Release|Any CPU.ActiveCfg = Release|Any CPU
		{8A1FBD99-CD27-FD0A-CC9F-A1B73031DCCD}.Release|Any CPU.Build.0 = Release|Any CPU
		{C6E08978-A374-16E0-CD4F-27705F2925FF}.Debug|Any CPU.ActiveCfg = Debug|Any CPU
		{C6E08978-A374-16E0-CD4F-27705F2925FF}.Debug|Any CPU.Build.0 = Debug|Any CPU
		{C6E08978-A374-16E0-CD4F-27705F2925FF}.Release|Any CPU.ActiveCfg = Release|Any CPU
		{C6E08978-A374-16E0-CD4F-27705F2925FF}.Release|Any CPU.Build.0 = Release|Any CPU
		{0624231D-000B-146B-E41A-1AD5C8303132}.Debug|Any CPU.ActiveCfg = Debug|Any CPU
		{0624231D-000B-146B-E41A-1AD5C8303132}.Debug|Any CPU.Build.0 = Debug|Any CPU
		{0624231D-000B-146B-E41A-1AD5C8303132}.Release|Any CPU.ActiveCfg = Release|Any CPU
		{0624231D-000B-146B-E41A-1AD5C8303132}.Release|Any CPU.Build.0 = Release|Any CPU
		{03A066F1-4198-02FA-F687-C95061D8A294}.Debug|Any CPU.ActiveCfg = Debug|Any CPU
		{03A066F1-4198-02FA-F687-C95061D8A294}.Debug|Any CPU.Build.0 = Debug|Any CPU
		{03A066F1-4198-02FA-F687-C95061D8A294}.Release|Any CPU.ActiveCfg = Release|Any CPU
		{03A066F1-4198-02FA-F687-C95061D8A294}.Release|Any CPU.Build.0 = Release|Any CPU
		{146AFECF-8B33-0FE1-A828-4EB5A35CD8A3}.Debug|Any CPU.ActiveCfg = Debug|Any CPU
		{146AFECF-8B33-0FE1-A828-4EB5A35CD8A3}.Debug|Any CPU.Build.0 = Debug|Any CPU
		{146AFECF-8B33-0FE1-A828-4EB5A35CD8A3}.Release|Any CPU.ActiveCfg = Release|Any CPU
		{146AFECF-8B33-0FE1-A828-4EB5A35CD8A3}.Release|Any CPU.Build.0 = Release|Any CPU
		{088C450D-918C-F10B-D541-CCFDD28C553B}.Debug|Any CPU.ActiveCfg = Debug|Any CPU
		{088C450D-918C-F10B-D541-CCFDD28C553B}.Debug|Any CPU.Build.0 = Debug|Any CPU
		{088C450D-918C-F10B-D541-CCFDD28C553B}.Release|Any CPU.ActiveCfg = Release|Any CPU
		{088C450D-918C-F10B-D541-CCFDD28C553B}.Release|Any CPU.Build.0 = Release|Any CPU
		{7F19D6D4-417F-D76C-DC4B-149B17994BA1}.Debug|Any CPU.ActiveCfg = Debug|Any CPU
		{7F19D6D4-417F-D76C-DC4B-149B17994BA1}.Debug|Any CPU.Build.0 = Debug|Any CPU
		{7F19D6D4-417F-D76C-DC4B-149B17994BA1}.Release|Any CPU.ActiveCfg = Release|Any CPU
		{7F19D6D4-417F-D76C-DC4B-149B17994BA1}.Release|Any CPU.Build.0 = Release|Any CPU
		{F989A699-898A-58A6-D67F-9B9C7C644341}.Debug|Any CPU.ActiveCfg = Debug|Any CPU
		{F989A699-898A-58A6-D67F-9B9C7C644341}.Debug|Any CPU.Build.0 = Debug|Any CPU
		{F989A699-898A-58A6-D67F-9B9C7C644341}.Release|Any CPU.ActiveCfg = Release|Any CPU
		{F989A699-898A-58A6-D67F-9B9C7C644341}.Release|Any CPU.Build.0 = Release|Any CPU
		{03E584DA-9C0E-CF12-2B18-3DD6B1CB4473}.Debug|Any CPU.ActiveCfg = Debug|Any CPU
		{03E584DA-9C0E-CF12-2B18-3DD6B1CB4473}.Debug|Any CPU.Build.0 = Debug|Any CPU
		{03E584DA-9C0E-CF12-2B18-3DD6B1CB4473}.Release|Any CPU.ActiveCfg = Release|Any CPU
		{03E584DA-9C0E-CF12-2B18-3DD6B1CB4473}.Release|Any CPU.Build.0 = Release|Any CPU
		{F6C3DD2F-D291-8C3C-9219-62286CA761E6}.Debug|Any CPU.ActiveCfg = Debug|Any CPU
		{F6C3DD2F-D291-8C3C-9219-62286CA761E6}.Debug|Any CPU.Build.0 = Debug|Any CPU
		{F6C3DD2F-D291-8C3C-9219-62286CA761E6}.Release|Any CPU.ActiveCfg = Release|Any CPU
		{F6C3DD2F-D291-8C3C-9219-62286CA761E6}.Release|Any CPU.Build.0 = Release|Any CPU
		{8E303BB2-DF14-5448-B3DE-AE7354DE894F}.Debug|Any CPU.ActiveCfg = Debug|Any CPU
		{8E303BB2-DF14-5448-B3DE-AE7354DE894F}.Debug|Any CPU.Build.0 = Debug|Any CPU
		{8E303BB2-DF14-5448-B3DE-AE7354DE894F}.Release|Any CPU.ActiveCfg = Release|Any CPU
		{8E303BB2-DF14-5448-B3DE-AE7354DE894F}.Release|Any CPU.Build.0 = Release|Any CPU
		{C1CBC051-E664-6302-6037-DDB1263DE9B1}.Debug|Any CPU.ActiveCfg = Debug|Any CPU
		{C1CBC051-E664-6302-6037-DDB1263DE9B1}.Debug|Any CPU.Build.0 = Debug|Any CPU
		{C1CBC051-E664-6302-6037-DDB1263DE9B1}.Release|Any CPU.ActiveCfg = Release|Any CPU
		{C1CBC051-E664-6302-6037-DDB1263DE9B1}.Release|Any CPU.Build.0 = Release|Any CPU
	EndGlobalSection
	GlobalSection(SolutionProperties) = preSolution
		HideSolutionNode = FALSE
	EndGlobalSection
EndGlobal
